
Microsoft Visual Studio Solution File, Format Version 12.00
# Visual Studio Version 17
VisualStudioVersion = 17.9.34902.65
MinimumVisualStudioVersion = 10.0.40219.1
Project("{FAE04EC0-301F-11D3-BF4B-00C04F79EFBC}") = "Activitiy1Sunny", "Activitiy1Sunny\Activitiy1Sunny.csproj", "{AC1FD99D-173C-4D71-8EEA-45F1FB83CB5B}"
EndProject
Global
	GlobalSection(SolutionConfigurationPlatforms) = preSolution
		Debug|Any CPU = Debug|Any CPU
		Release|Any CPU = Release|Any CPU
	EndGlobalSection
	GlobalSection(ProjectConfigurationPlatforms) = postSolution
		{AC1FD99D-173C-4D71-8EEA-45F1FB83CB5B}.Debug|Any CPU.ActiveCfg = Debug|Any CPU
		{AC1FD99D-173C-4D71-8EEA-45F1FB83CB5B}.Debug|Any CPU.Build.0 = Debug|Any CPU
		{AC1FD99D-173C-4D71-8EEA-45F1FB83CB5B}.Release|Any CPU.ActiveCfg = Release|Any CPU
		{AC1FD99D-173C-4D71-8EEA-45F1FB83CB5B}.Release|Any CPU.Build.0 = Release|Any CPU
	EndGlobalSection
	GlobalSection(SolutionProperties) = preSolution
		HideSolutionNode = FALSE
	EndGlobalSection
	GlobalSection(ExtensibilityGlobals) = postSolution
		SolutionGuid = {F643A49B-712E-42DE-BC04-AFA1A36C0040}
	EndGlobalSection
EndGlobal
